// !$*UTF8*$!
{
	archiveVersion = 1;
	classes = {
	};
	objectVersion = 56;
	objects = {

/* Begin PBXBuildFile section */
		409D82F22A48BA880066A4F6 /* MealTableViewCell.swift in Sources */ = {isa = PBXBuildFile; fileRef = 409D82F12A48BA880066A4F6 /* MealTableViewCell.swift */; };
		409D82F52A48EBAC0066A4F6 /* MealDetailViewController.swift in Sources */ = {isa = PBXBuildFile; fileRef = 409D82F42A48EBAC0066A4F6 /* MealDetailViewController.swift */; };
		40D3B22F2A4692060018797D /* AppDelegate.swift in Sources */ = {isa = PBXBuildFile; fileRef = 40D3B22E2A4692060018797D /* AppDelegate.swift */; };
		40D3B2312A4692060018797D /* SceneDelegate.swift in Sources */ = {isa = PBXBuildFile; fileRef = 40D3B2302A4692060018797D /* SceneDelegate.swift */; };
		40D3B2332A4692060018797D /* MealsViewController.swift in Sources */ = {isa = PBXBuildFile; fileRef = 40D3B2322A4692060018797D /* MealsViewController.swift */; };
		40D3B2382A4692090018797D /* Assets.xcassets in Resources */ = {isa = PBXBuildFile; fileRef = 40D3B2372A4692090018797D /* Assets.xcassets */; };
		40D3B23B2A4692090018797D /* LaunchScreen.storyboard in Resources */ = {isa = PBXBuildFile; fileRef = 40D3B2392A4692090018797D /* LaunchScreen.storyboard */; };
		40D3B24C2A47B23C0018797D /* MealService.swift in Sources */ = {isa = PBXBuildFile; fileRef = 40D3B24B2A47B23C0018797D /* MealService.swift */; };
		40D3B2502A47B3070018797D /* Meal.swift in Sources */ = {isa = PBXBuildFile; fileRef = 40D3B24F2A47B3070018797D /* Meal.swift */; };
		40D3B2532A47B78E0018797D /* NetworkError.swift in Sources */ = {isa = PBXBuildFile; fileRef = 40D3B2522A47B78E0018797D /* NetworkError.swift */; };
		40D3B2572A47DA3C0018797D /* MealViewModel.swift in Sources */ = {isa = PBXBuildFile; fileRef = 40D3B2562A47DA3C0018797D /* MealViewModel.swift */; };
		40D3B2592A47E3A90018797D /* MealsResponse.swift in Sources */ = {isa = PBXBuildFile; fileRef = 40D3B2582A47E3A90018797D /* MealsResponse.swift */; };
/* End PBXBuildFile section */

/* Begin PBXFileReference section */
		409D82F12A48BA880066A4F6 /* MealTableViewCell.swift */ = {isa = PBXFileReference; lastKnownFileType = sourcecode.swift; path = MealTableViewCell.swift; sourceTree = "<group>"; };
		409D82F42A48EBAC0066A4F6 /* MealDetailViewController.swift */ = {isa = PBXFileReference; lastKnownFileType = sourcecode.swift; path = MealDetailViewController.swift; sourceTree = "<group>"; };
		40D3B22B2A4692060018797D /* fetch-meals-app.app */ = {isa = PBXFileReference; explicitFileType = wrapper.application; includeInIndex = 0; path = "fetch-meals-app.app"; sourceTree = BUILT_PRODUCTS_DIR; };
		40D3B22E2A4692060018797D /* AppDelegate.swift */ = {isa = PBXFileReference; lastKnownFileType = sourcecode.swift; path = AppDelegate.swift; sourceTree = "<group>"; };
		40D3B2302A4692060018797D /* SceneDelegate.swift */ = {isa = PBXFileReference; lastKnownFileType = sourcecode.swift; path = SceneDelegate.swift; sourceTree = "<group>"; };
		40D3B2322A4692060018797D /* MealsViewController.swift */ = {isa = PBXFileReference; lastKnownFileType = sourcecode.swift; path = MealsViewController.swift; sourceTree = "<group>"; };
		40D3B2372A4692090018797D /* Assets.xcassets */ = {isa = PBXFileReference; lastKnownFileType = folder.assetcatalog; path = Assets.xcassets; sourceTree = "<group>"; };
		40D3B23A2A4692090018797D /* Base */ = {isa = PBXFileReference; lastKnownFileType = file.storyboard; name = Base; path = Base.lproj/LaunchScreen.storyboard; sourceTree = "<group>"; };
		40D3B23C2A4692090018797D /* Info.plist */ = {isa = PBXFileReference; lastKnownFileType = text.plist.xml; path = Info.plist; sourceTree = "<group>"; };
		40D3B24B2A47B23C0018797D /* MealService.swift */ = {isa = PBXFileReference; lastKnownFileType = sourcecode.swift; path = MealService.swift; sourceTree = "<group>"; };
		40D3B24F2A47B3070018797D /* Meal.swift */ = {isa = PBXFileReference; lastKnownFileType = sourcecode.swift; path = Meal.swift; sourceTree = "<group>"; };
		40D3B2522A47B78E0018797D /* NetworkError.swift */ = {isa = PBXFileReference; lastKnownFileType = sourcecode.swift; path = NetworkError.swift; sourceTree = "<group>"; };
		40D3B2562A47DA3C0018797D /* MealViewModel.swift */ = {isa = PBXFileReference; lastKnownFileType = sourcecode.swift; path = MealViewModel.swift; sourceTree = "<group>"; };
		40D3B2582A47E3A90018797D /* MealsResponse.swift */ = {isa = PBXFileReference; lastKnownFileType = sourcecode.swift; path = MealsResponse.swift; sourceTree = "<group>"; };
/* End PBXFileReference section */

/* Begin PBXFrameworksBuildPhase section */
		40D3B2282A4692060018797D /* Frameworks */ = {
			isa = PBXFrameworksBuildPhase;
			buildActionMask = 2147483647;
			files = (
			);
			runOnlyForDeploymentPostprocessing = 0;
		};
/* End PBXFrameworksBuildPhase section */

/* Begin PBXGroup section */
		409D82F32A48EB700066A4F6 /* MealDetail */ = {
			isa = PBXGroup;
			children = (
				409D82F42A48EBAC0066A4F6 /* MealDetailViewController.swift */,
			);
			path = MealDetail;
			sourceTree = "<group>";
		};
		40D3B2222A4692060018797D = {
			isa = PBXGroup;
			children = (
				40D3B22D2A4692060018797D /* fetch-meals-app */,
				40D3B22C2A4692060018797D /* Products */,
			);
			sourceTree = "<group>";
		};
		40D3B22C2A4692060018797D /* Products */ = {
			isa = PBXGroup;
			children = (
				40D3B22B2A4692060018797D /* fetch-meals-app.app */,
			);
			name = Products;
			sourceTree = "<group>";
		};
		40D3B22D2A4692060018797D /* fetch-meals-app */ = {
			isa = PBXGroup;
			children = (
				40D3B24A2A47B2040018797D /* Services */,
				40D3B2422A47A2E70018797D /* UI */,
				40D3B22E2A4692060018797D /* AppDelegate.swift */,
				40D3B2302A4692060018797D /* SceneDelegate.swift */,
				40D3B2372A4692090018797D /* Assets.xcassets */,
				40D3B2392A4692090018797D /* LaunchScreen.storyboard */,
				40D3B23C2A4692090018797D /* Info.plist */,
			);
			path = "fetch-meals-app";
			sourceTree = "<group>";
		};
		40D3B2422A47A2E70018797D /* UI */ = {
			isa = PBXGroup;
			children = (
				409D82F32A48EB700066A4F6 /* MealDetail */,
				40D3B2432A47A4990018797D /* Meals */,
			);
			path = UI;
			sourceTree = "<group>";
		};
		40D3B2432A47A4990018797D /* Meals */ = {
			isa = PBXGroup;
			children = (
				40D3B2472A47A74D0018797D /* Views */,
				40D3B2442A47A4E60018797D /* Models */,
				40D3B2322A4692060018797D /* MealsViewController.swift */,
			);
			path = Meals;
			sourceTree = "<group>";
		};
		40D3B2442A47A4E60018797D /* Models */ = {
			isa = PBXGroup;
			children = (
				40D3B2562A47DA3C0018797D /* MealViewModel.swift */,
			);
			path = Models;
			sourceTree = "<group>";
		};
		40D3B2472A47A74D0018797D /* Views */ = {
			isa = PBXGroup;
			children = (
				409D82F12A48BA880066A4F6 /* MealTableViewCell.swift */,
			);
			path = Views;
			sourceTree = "<group>";
		};
		40D3B24A2A47B2040018797D /* Services */ = {
			isa = PBXGroup;
			children = (
				40D3B2512A47B7050018797D /* Common */,
				40D3B24D2A47B2CD0018797D /* Meals */,
			);
			path = Services;
			sourceTree = "<group>";
		};
		40D3B24D2A47B2CD0018797D /* Meals */ = {
			isa = PBXGroup;
			children = (
				40D3B24B2A47B23C0018797D /* MealService.swift */,
				40D3B24E2A47B2D60018797D /* Models */,
			);
			path = Meals;
			sourceTree = "<group>";
		};
		40D3B24E2A47B2D60018797D /* Models */ = {
			isa = PBXGroup;
			children = (
				40D3B24F2A47B3070018797D /* Meal.swift */,
				40D3B2582A47E3A90018797D /* MealsResponse.swift */,
			);
			path = Models;
			sourceTree = "<group>";
		};
		40D3B2512A47B7050018797D /* Common */ = {
			isa = PBXGroup;
			children = (
				40D3B2522A47B78E0018797D /* NetworkError.swift */,
			);
			path = Common;
			sourceTree = "<group>";
		};
/* End PBXGroup section */

/* Begin PBXNativeTarget section */
		40D3B22A2A4692060018797D /* fetch-meals-app */ = {
			isa = PBXNativeTarget;
			buildConfigurationList = 40D3B23F2A4692090018797D /* Build configuration list for PBXNativeTarget "fetch-meals-app" */;
			buildPhases = (
				40D3B2272A4692060018797D /* Sources */,
				40D3B2282A4692060018797D /* Frameworks */,
				40D3B2292A4692060018797D /* Resources */,
			);
			buildRules = (
			);
			dependencies = (
			);
			name = "fetch-meals-app";
			productName = "fetch-meals-app";
			productReference = 40D3B22B2A4692060018797D /* fetch-meals-app.app */;
			productType = "com.apple.product-type.application";
		};
/* End PBXNativeTarget section */

/* Begin PBXProject section */
		40D3B2232A4692060018797D /* Project object */ = {
			isa = PBXProject;
			attributes = {
				BuildIndependentTargetsInParallel = 1;
				LastSwiftUpdateCheck = 1430;
				LastUpgradeCheck = 1430;
				TargetAttributes = {
					40D3B22A2A4692060018797D = {
						CreatedOnToolsVersion = 14.3.1;
					};
				};
			};
			buildConfigurationList = 40D3B2262A4692060018797D /* Build configuration list for PBXProject "fetch-meals-app" */;
			compatibilityVersion = "Xcode 14.0";
			developmentRegion = en;
			hasScannedForEncodings = 0;
			knownRegions = (
				en,
				Base,
			);
			mainGroup = 40D3B2222A4692060018797D;
			productRefGroup = 40D3B22C2A4692060018797D /* Products */;
			projectDirPath = "";
			projectRoot = "";
			targets = (
				40D3B22A2A4692060018797D /* fetch-meals-app */,
			);
		};
/* End PBXProject section */

/* Begin PBXResourcesBuildPhase section */
		40D3B2292A4692060018797D /* Resources */ = {
			isa = PBXResourcesBuildPhase;
			buildActionMask = 2147483647;
			files = (
				40D3B23B2A4692090018797D /* LaunchScreen.storyboard in Resources */,
				40D3B2382A4692090018797D /* Assets.xcassets in Resources */,
			);
			runOnlyForDeploymentPostprocessing = 0;
		};
/* End PBXResourcesBuildPhase section */

/* Begin PBXSourcesBuildPhase section */
		40D3B2272A4692060018797D /* Sources */ = {
			isa = PBXSourcesBuildPhase;
			buildActionMask = 2147483647;
			files = (
				40D3B2502A47B3070018797D /* Meal.swift in Sources */,
				409D82F22A48BA880066A4F6 /* MealTableViewCell.swift in Sources */,
				40D3B2572A47DA3C0018797D /* MealViewModel.swift in Sources */,
				40D3B24C2A47B23C0018797D /* MealService.swift in Sources */,
				40D3B2332A4692060018797D /* MealsViewController.swift in Sources */,
				40D3B2532A47B78E0018797D /* NetworkError.swift in Sources */,
				40D3B2592A47E3A90018797D /* MealsResponse.swift in Sources */,
				40D3B22F2A4692060018797D /* AppDelegate.swift in Sources */,
				409D82F52A48EBAC0066A4F6 /* MealDetailViewController.swift in Sources */,
				40D3B2312A4692060018797D /* SceneDelegate.swift in Sources */,
			);
			runOnlyForDeploymentPostprocessing = 0;
		};
/* End PBXSourcesBuildPhase section */

/* Begin PBXVariantGroup section */
		40D3B2392A4692090018797D /* LaunchScreen.storyboard */ = {
			isa = PBXVariantGroup;
			children = (
				40D3B23A2A4692090018797D /* Base */,
			);
			name = LaunchScreen.storyboard;
			sourceTree = "<group>";
		};
/* End PBXVariantGroup section */

/* Begin XCBuildConfiguration section */
		40D3B23D2A4692090018797D /* Debug */ = {
			isa = XCBuildConfiguration;
			buildSettings = {
				ALWAYS_SEARCH_USER_PATHS = NO;
				CLANG_ANALYZER_NONNULL = YES;
				CLANG_ANALYZER_NUMBER_OBJECT_CONVERSION = YES_AGGRESSIVE;
				CLANG_CXX_LANGUAGE_STANDARD = "gnu++20";
				CLANG_ENABLE_MODULES = YES;
				CLANG_ENABLE_OBJC_ARC = YES;
				CLANG_ENABLE_OBJC_WEAK = YES;
				CLANG_WARN_BLOCK_CAPTURE_AUTORELEASING = YES;
				CLANG_WARN_BOOL_CONVERSION = YES;
				CLANG_WARN_COMMA = YES;
				CLANG_WARN_CONSTANT_CONVERSION = YES;
				CLANG_WARN_DEPRECATED_OBJC_IMPLEMENTATIONS = YES;
				CLANG_WARN_DIRECT_OBJC_ISA_USAGE = YES_ERROR;
				CLANG_WARN_DOCUMENTATION_COMMENTS = YES;
				CLANG_WARN_EMPTY_BODY = YES;
				CLANG_WARN_ENUM_CONVERSION = YES;
				CLANG_WARN_INFINITE_RECURSION = YES;
				CLANG_WARN_INT_CONVERSION = YES;
				CLANG_WARN_NON_LITERAL_NULL_CONVERSION = YES;
				CLANG_WARN_OBJC_IMPLICIT_RETAIN_SELF = YES;
				CLANG_WARN_OBJC_LITERAL_CONVERSION = YES;
				CLANG_WARN_OBJC_ROOT_CLASS = YES_ERROR;
				CLANG_WARN_QUOTED_INCLUDE_IN_FRAMEWORK_HEADER = YES;
				CLANG_WARN_RANGE_LOOP_ANALYSIS = YES;
				CLANG_WARN_STRICT_PROTOTYPES = YES;
				CLANG_WARN_SUSPICIOUS_MOVE = YES;
				CLANG_WARN_UNGUARDED_AVAILABILITY = YES_AGGRESSIVE;
				CLANG_WARN_UNREACHABLE_CODE = YES;
				CLANG_WARN__DUPLICATE_METHOD_MATCH = YES;
				COPY_PHASE_STRIP = NO;
				DEBUG_INFORMATION_FORMAT = dwarf;
				ENABLE_STRICT_OBJC_MSGSEND = YES;
				ENABLE_TESTABILITY = YES;
				GCC_C_LANGUAGE_STANDARD = gnu11;
				GCC_DYNAMIC_NO_PIC = NO;
				GCC_NO_COMMON_BLOCKS = YES;
				GCC_OPTIMIZATION_LEVEL = 0;
				GCC_PREPROCESSOR_DEFINITIONS = (
					"DEBUG=1",
					"$(inherited)",
				);
				GCC_WARN_64_TO_32_BIT_CONVERSION = YES;
				GCC_WARN_ABOUT_RETURN_TYPE = YES_ERROR;
				GCC_WARN_UNDECLARED_SELECTOR = YES;
				GCC_WARN_UNINITIALIZED_AUTOS = YES_AGGRESSIVE;
				GCC_WARN_UNUSED_FUNCTION = YES;
				GCC_WARN_UNUSED_VARIABLE = YES;
				IPHONEOS_DEPLOYMENT_TARGET = 16.4;
				MTL_ENABLE_DEBUG_INFO = INCLUDE_SOURCE;
				MTL_FAST_MATH = YES;
				ONLY_ACTIVE_ARCH = YES;
				SDKROOT = iphoneos;
				SWIFT_ACTIVE_COMPILATION_CONDITIONS = DEBUG;
				SWIFT_OPTIMIZATION_LEVEL = "-Onone";
			};
			name = Debug;
		};
		40D3B23E2A4692090018797D /* Release */ = {
			isa = XCBuildConfiguration;
			buildSettings = {
				ALWAYS_SEARCH_USER_PATHS = NO;
				CLANG_ANALYZER_NONNULL = YES;
				CLANG_ANALYZER_NUMBER_OBJECT_CONVERSION = YES_AGGRESSIVE;
				CLANG_CXX_LANGUAGE_STANDARD = "gnu++20";
				CLANG_ENABLE_MODULES = YES;
				CLANG_ENABLE_OBJC_ARC = YES;
				CLANG_ENABLE_OBJC_WEAK = YES;
				CLANG_WARN_BLOCK_CAPTURE_AUTORELEASING = YES;
				CLANG_WARN_BOOL_CONVERSION = YES;
				CLANG_WARN_COMMA = YES;
				CLANG_WARN_CONSTANT_CONVERSION = YES;
				CLANG_WARN_DEPRECATED_OBJC_IMPLEMENTATIONS = YES;
				CLANG_WARN_DIRECT_OBJC_ISA_USAGE = YES_ERROR;
				CLANG_WARN_DOCUMENTATION_COMMENTS = YES;
				CLANG_WARN_EMPTY_BODY = YES;
				CLANG_WARN_ENUM_CONVERSION = YES;
				CLANG_WARN_INFINITE_RECURSION = YES;
				CLANG_WARN_INT_CONVERSION = YES;
				CLANG_WARN_NON_LITERAL_NULL_CONVERSION = YES;
				CLANG_WARN_OBJC_IMPLICIT_RETAIN_SELF = YES;
				CLANG_WARN_OBJC_LITERAL_CONVERSION = YES;
				CLANG_WARN_OBJC_ROOT_CLASS = YES_ERROR;
				CLANG_WARN_QUOTED_INCLUDE_IN_FRAMEWORK_HEADER = YES;
				CLANG_WARN_RANGE_LOOP_ANALYSIS = YES;
				CLANG_WARN_STRICT_PROTOTYPES = YES;
				CLANG_WARN_SUSPICIOUS_MOVE = YES;
				CLANG_WARN_UNGUARDED_AVAILABILITY = YES_AGGRESSIVE;
				CLANG_WARN_UNREACHABLE_CODE = YES;
				CLANG_WARN__DUPLICATE_METHOD_MATCH = YES;
				COPY_PHASE_STRIP = NO;
				DEBUG_INFORMATION_FORMAT = "dwarf-with-dsym";
				ENABLE_NS_ASSERTIONS = NO;
				ENABLE_STRICT_OBJC_MSGSEND = YES;
				GCC_C_LANGUAGE_STANDARD = gnu11;
				GCC_NO_COMMON_BLOCKS = YES;
				GCC_WARN_64_TO_32_BIT_CONVERSION = YES;
				GCC_WARN_ABOUT_RETURN_TYPE = YES_ERROR;
				GCC_WARN_UNDECLARED_SELECTOR = YES;
				GCC_WARN_UNINITIALIZED_AUTOS = YES_AGGRESSIVE;
				GCC_WARN_UNUSED_FUNCTION = YES;
				GCC_WARN_UNUSED_VARIABLE = YES;
				IPHONEOS_DEPLOYMENT_TARGET = 16.4;
				MTL_ENABLE_DEBUG_INFO = NO;
				MTL_FAST_MATH = YES;
				SDKROOT = iphoneos;
				SWIFT_COMPILATION_MODE = wholemodule;
				SWIFT_OPTIMIZATION_LEVEL = "-O";
				VALIDATE_PRODUCT = YES;
			};
			name = Release;
		};
		40D3B2402A4692090018797D /* Debug */ = {
			isa = XCBuildConfiguration;
			buildSettings = {
				ASSETCATALOG_COMPILER_APPICON_NAME = AppIcon;
				ASSETCATALOG_COMPILER_GLOBAL_ACCENT_COLOR_NAME = AccentColor;
				CODE_SIGN_STYLE = Automatic;
				CURRENT_PROJECT_VERSION = 1;
				GENERATE_INFOPLIST_FILE = YES;
				INFOPLIST_FILE = "fetch-meals-app/Info.plist";
				INFOPLIST_KEY_UIApplicationSupportsIndirectInputEvents = YES;
				INFOPLIST_KEY_UILaunchStoryboardName = LaunchScreen;
				INFOPLIST_KEY_UISupportedInterfaceOrientations_iPad = "UIInterfaceOrientationPortrait UIInterfaceOrientationPortraitUpsideDown UIInterfaceOrientationLandscapeLeft UIInterfaceOrientationLandscapeRight";
				INFOPLIST_KEY_UISupportedInterfaceOrientations_iPhone = "UIInterfaceOrientationPortrait UIInterfaceOrientationLandscapeLeft UIInterfaceOrientationLandscapeRight";
				LD_RUNPATH_SEARCH_PATHS = (
					"$(inherited)",
					"@executable_path/Frameworks",
				);
				MARKETING_VERSION = 1.0;
				PRODUCT_BUNDLE_IDENTIFIER = "adishankar.fetch-meals-app";
				PRODUCT_NAME = "$(TARGET_NAME)";
				SWIFT_EMIT_LOC_STRINGS = YES;
				SWIFT_VERSION = 5.0;
				TARGETED_DEVICE_FAMILY = "1,2";
			};
			name = Debug;
		};
		40D3B2412A4692090018797D /* Release */ = {
			isa = XCBuildConfiguration;
			buildSettings = {
				ASSETCATALOG_COMPILER_APPICON_NAME = AppIcon;
				ASSETCATALOG_COMPILER_GLOBAL_ACCENT_COLOR_NAME = AccentColor;
				CODE_SIGN_STYLE = Automatic;
				CURRENT_PROJECT_VERSION = 1;
				GENERATE_INFOPLIST_FILE = YES;
				INFOPLIST_FILE = "fetch-meals-app/Info.plist";
				INFOPLIST_KEY_UIApplicationSupportsIndirectInputEvents = YES;
				INFOPLIST_KEY_UILaunchStoryboardName = LaunchScreen;
				INFOPLIST_KEY_UISupportedInterfaceOrientations_iPad = "UIInterfaceOrientationPortrait UIInterfaceOrientationPortraitUpsideDown UIInterfaceOrientationLandscapeLeft UIInterfaceOrientationLandscapeRight";
				INFOPLIST_KEY_UISupportedInterfaceOrientations_iPhone = "UIInterfaceOrientationPortrait UIInterfaceOrientationLandscapeLeft UIInterfaceOrientationLandscapeRight";
				LD_RUNPATH_SEARCH_PATHS = (
					"$(inherited)",
					"@executable_path/Frameworks",
				);
				MARKETING_VERSION = 1.0;
				PRODUCT_BUNDLE_IDENTIFIER = "adishankar.fetch-meals-app";
				PRODUCT_NAME = "$(TARGET_NAME)";
				SWIFT_EMIT_LOC_STRINGS = YES;
				SWIFT_VERSION = 5.0;
				TARGETED_DEVICE_FAMILY = "1,2";
			};
			name = Release;
		};
/* End XCBuildConfiguration section */

/* Begin XCConfigurationList section */
		40D3B2262A4692060018797D /* Build configuration list for PBXProject "fetch-meals-app" */ = {
			isa = XCConfigurationList;
			buildConfigurations = (
				40D3B23D2A4692090018797D /* Debug */,
				40D3B23E2A4692090018797D /* Release */,
			);
			defaultConfigurationIsVisible = 0;
			defaultConfigurationName = Release;
		};
		40D3B23F2A4692090018797D /* Build configuration list for PBXNativeTarget "fetch-meals-app" */ = {
			isa = XCConfigurationList;
			buildConfigurations = (
				40D3B2402A4692090018797D /* Debug */,
				40D3B2412A4692090018797D /* Release */,
			);
			defaultConfigurationIsVisible = 0;
			defaultConfigurationName = Release;
		};
/* End XCConfigurationList section */
	};
	rootObject = 40D3B2232A4692060018797D /* Project object */;
}
